
Microsoft Visual Studio Solution File, Format Version 12.00
# Visual Studio 14
VisualStudioVersion = 14.0.25420.1
MinimumVisualStudioVersion = 10.0.40219.1
Project("{FAE04EC0-301F-11D3-BF4B-00C04F79EFBC}") = "Congo.Client", "Congo.Client\Congo.Client.csproj", "{01897D3C-48F6-4609-BADE-940E536D64FA}"
EndProject
Project("{FAE04EC0-301F-11D3-BF4B-00C04F79EFBC}") = "Congo.Logic", "Congo.Logic\Congo.Logic.csproj", "{92223874-177B-4315-8069-BD31E9D0F2FF}"
EndProject
Project("{FAE04EC0-301F-11D3-BF4B-00C04F79EFBC}") = "Congo.Test", "Congo.Test\Congo.Test.csproj", "{EDCCE256-DC90-485D-8B24-E4495D28FE3A}"
EndProject
Global
	GlobalSection(SolutionConfigurationPlatforms) = preSolution
		Debug|Any CPU = Debug|Any CPU
		Release|Any CPU = Release|Any CPU
	EndGlobalSection
	GlobalSection(ProjectConfigurationPlatforms) = postSolution
		{01897D3C-48F6-4609-BADE-940E536D64FA}.Debug|Any CPU.ActiveCfg = Debug|Any CPU
		{01897D3C-48F6-4609-BADE-940E536D64FA}.Debug|Any CPU.Build.0 = Debug|Any CPU
		{01897D3C-48F6-4609-BADE-940E536D64FA}.Release|Any CPU.ActiveCfg = Release|Any CPU
		{01897D3C-48F6-4609-BADE-940E536D64FA}.Release|Any CPU.Build.0 = Release|Any CPU
		{92223874-177B-4315-8069-BD31E9D0F2FF}.Debug|Any CPU.ActiveCfg = Debug|Any CPU
		{92223874-177B-4315-8069-BD31E9D0F2FF}.Debug|Any CPU.Build.0 = Debug|Any CPU
		{92223874-177B-4315-8069-BD31E9D0F2FF}.Release|Any CPU.ActiveCfg = Release|Any CPU
		{92223874-177B-4315-8069-BD31E9D0F2FF}.Release|Any CPU.Build.0 = Release|Any CPU
		{EDCCE256-DC90-485D-8B24-E4495D28FE3A}.Debug|Any CPU.ActiveCfg = Debug|Any CPU
		{EDCCE256-DC90-485D-8B24-E4495D28FE3A}.Debug|Any CPU.Build.0 = Debug|Any CPU
		{EDCCE256-DC90-485D-8B24-E4495D28FE3A}.Release|Any CPU.ActiveCfg = Release|Any CPU
		{EDCCE256-DC90-485D-8B24-E4495D28FE3A}.Release|Any CPU.Build.0 = Release|Any CPU
	EndGlobalSection
	GlobalSection(SolutionProperties) = preSolution
		HideSolutionNode = FALSE
	EndGlobalSection
EndGlobal
